{
  "name": "zbattery-log",
  "lockfileVersion": 3,
  "requires": true,
  "packages": {
    "": {
      "dependencies": {
        "systeminformation": "^5.22.11"
      }
    },
    "node_modules/systeminformation": {
      "version": "5.22.11",
      "resolved": "https://registry.npmjs.org/systeminformation/-/systeminformation-5.22.11.tgz",
      "integrity": "sha512-aLws5yi4KCHTb0BVvbodQY5bY8eW4asMRDTxTW46hqw9lGjACX6TlLdJrkdoHYRB0qs+MekqEq1zG7WDnWE8Ug==",
      "os": [
        "darwin",
        "linux",
        "win32",
        "freebsd",
        "openbsd",
        "netbsd",
        "sunos",
        "android"
      ],
      "bin": {
        "systeminformation": "lib/cli.js"
      },
      "engines": {
        "node": ">=8.0.0"
      },
      "funding": {
        "type": "Buy me a coffee",
        "url": "https://www.buymeacoffee.com/systeminfo"
      }
    }
  }
}
